// !$*UTF8*$!
{
	archiveVersion = 1;
	classes = {
	};
	objectVersion = 46;
	objects = {

/* Begin PBXBuildFile section */
		C77525F01517B346007882E3 /* VerificationResponse.m in Sources */ = {isa = PBXBuildFile; fileRef = C77525EE1517B346007882E3 /* VerificationResponse.m */; };
		C77525FE1517BC09007882E3 /* SheerIDMobile+Private.h in Headers */ = {isa = PBXBuildFile; fileRef = C77525FC1517BC09007882E3 /* SheerIDMobile+Private.h */; };
		C77526081517BEEA007882E3 /* OrganizationSearch.m in Sources */ = {isa = PBXBuildFile; fileRef = C77526061517BEEA007882E3 /* OrganizationSearch.m */; };
		C7F2D70115178A1800937AE2 /* Foundation.framework in Frameworks */ = {isa = PBXBuildFile; fileRef = C7F2D70015178A1800937AE2 /* Foundation.framework */; };
		C7F2D70715178A1800937AE2 /* SheerIDMobile.m in Sources */ = {isa = PBXBuildFile; fileRef = C7F2D70615178A1800937AE2 /* SheerIDMobile.m */; };
		C7F2D70F15178A1800937AE2 /* SenTestingKit.framework in Frameworks */ = {isa = PBXBuildFile; fileRef = C7F2D70E15178A1800937AE2 /* SenTestingKit.framework */; };
		C7F2D71215178A1800937AE2 /* Foundation.framework in Frameworks */ = {isa = PBXBuildFile; fileRef = C7F2D70015178A1800937AE2 /* Foundation.framework */; };
		C7F2D71515178A1800937AE2 /* libSheerIDMobile.a in Frameworks */ = {isa = PBXBuildFile; fileRef = C7F2D6FD15178A1800937AE2 /* libSheerIDMobile.a */; };
		C7F2D71B15178A1800937AE2 /* InfoPlist.strings in Resources */ = {isa = PBXBuildFile; fileRef = C7F2D71915178A1800937AE2 /* InfoPlist.strings */; };
		C7F2D71E15178A1800937AE2 /* SheerIDMobileTests.m in Sources */ = {isa = PBXBuildFile; fileRef = C7F2D71D15178A1800937AE2 /* SheerIDMobileTests.m */; };
		C7F2D72B15178A4D00937AE2 /* Organization.m in Sources */ = {isa = PBXBuildFile; fileRef = C7F2D72915178A4D00937AE2 /* Organization.m */; };
		C7F2D72F15178A6000937AE2 /* Field.m in Sources */ = {isa = PBXBuildFile; fileRef = C7F2D72D15178A6000937AE2 /* Field.m */; };
		C7F2D73315178A7100937AE2 /* Person.m in Sources */ = {isa = PBXBuildFile; fileRef = C7F2D73115178A7100937AE2 /* Person.m */; };
		C7F2D73715178A8500937AE2 /* AffiliationType.m in Sources */ = {isa = PBXBuildFile; fileRef = C7F2D73515178A8500937AE2 /* AffiliationType.m */; };
		C7F2D73F1517959100937AE2 /* ServiceConstant.m in Sources */ = {isa = PBXBuildFile; fileRef = C7F2D73D1517959100937AE2 /* ServiceConstant.m */; };
		C7F2D7421517A80C00937AE2 /* JSONKit.h in Headers */ = {isa = PBXBuildFile; fileRef = C7F2D7401517A80C00937AE2 /* JSONKit.h */; };
		C7F2D7431517A80C00937AE2 /* JSONKit.m in Sources */ = {isa = PBXBuildFile; fileRef = C7F2D7411517A80C00937AE2 /* JSONKit.m */; };
		C7F2D74F1517ABE800937AE2 /* SheerIDMobileIntegrationTests.h in Headers */ = {isa = PBXBuildFile; fileRef = C7F2D74D1517ABE700937AE2 /* SheerIDMobileIntegrationTests.h */; };
		C7F2D7511517AC6200937AE2 /* SheerIDMobileIntegrationTests.m in Sources */ = {isa = PBXBuildFile; fileRef = C7F2D74E1517ABE800937AE2 /* SheerIDMobileIntegrationTests.m */; };
/* End PBXBuildFile section */

/* Begin PBXContainerItemProxy section */
		C7F2D71315178A1800937AE2 /* PBXContainerItemProxy */ = {
			isa = PBXContainerItemProxy;
			containerPortal = C7F2D6F415178A1800937AE2 /* Project object */;
			proxyType = 1;
			remoteGlobalIDString = C7F2D6FC15178A1800937AE2;
			remoteInfo = SheerIDMobile;
		};
/* End PBXContainerItemProxy section */

/* Begin PBXFileReference section */
		C77525EE1517B346007882E3 /* VerificationResponse.m */ = {isa = PBXFileReference; fileEncoding = 4; lastKnownFileType = sourcecode.c.objc; name = VerificationResponse.m; path = Model/VerificationResponse.m; sourceTree = "<group>"; };
		C77525FC1517BC09007882E3 /* SheerIDMobile+Private.h */ = {isa = PBXFileReference; fileEncoding = 4; lastKnownFileType = sourcecode.c.h; path = "SheerIDMobile+Private.h"; sourceTree = "<group>"; };
		C77526061517BEEA007882E3 /* OrganizationSearch.m */ = {isa = PBXFileReference; fileEncoding = 4; lastKnownFileType = sourcecode.c.objc; name = OrganizationSearch.m; path = Model/OrganizationSearch.m; sourceTree = "<group>"; };
		C7F2D6FD15178A1800937AE2 /* libSheerIDMobile.a */ = {isa = PBXFileReference; explicitFileType = archive.ar; includeInIndex = 0; path = libSheerIDMobile.a; sourceTree = BUILT_PRODUCTS_DIR; };
		C7F2D70015178A1800937AE2 /* Foundation.framework */ = {isa = PBXFileReference; lastKnownFileType = wrapper.framework; name = Foundation.framework; path = System/Library/Frameworks/Foundation.framework; sourceTree = SDKROOT; };
		C7F2D70415178A1800937AE2 /* SheerIDMobile-Prefix.pch */ = {isa = PBXFileReference; lastKnownFileType = sourcecode.c.h; path = "SheerIDMobile-Prefix.pch"; sourceTree = "<group>"; };
		C7F2D70515178A1800937AE2 /* SheerIDMobile.h */ = {isa = PBXFileReference; lastKnownFileType = sourcecode.c.h; path = SheerIDMobile.h; sourceTree = "<group>"; };
		C7F2D70615178A1800937AE2 /* SheerIDMobile.m */ = {isa = PBXFileReference; lastKnownFileType = sourcecode.c.objc; path = SheerIDMobile.m; sourceTree = "<group>"; };
		C7F2D70D15178A1800937AE2 /* SheerIDMobileTests.octest */ = {isa = PBXFileReference; explicitFileType = wrapper.cfbundle; includeInIndex = 0; path = SheerIDMobileTests.octest; sourceTree = BUILT_PRODUCTS_DIR; };
		C7F2D70E15178A1800937AE2 /* SenTestingKit.framework */ = {isa = PBXFileReference; lastKnownFileType = wrapper.framework; name = SenTestingKit.framework; path = Library/Frameworks/SenTestingKit.framework; sourceTree = DEVELOPER_DIR; };
		C7F2D71815178A1800937AE2 /* SheerIDMobileTests-Info.plist */ = {isa = PBXFileReference; lastKnownFileType = text.plist.xml; path = "SheerIDMobileTests-Info.plist"; sourceTree = "<group>"; };
		C7F2D71A15178A1800937AE2 /* en */ = {isa = PBXFileReference; lastKnownFileType = text.plist.strings; name = en; path = en.lproj/InfoPlist.strings; sourceTree = "<group>"; };
		C7F2D71C15178A1800937AE2 /* SheerIDMobileTests.h */ = {isa = PBXFileReference; lastKnownFileType = sourcecode.c.h; path = SheerIDMobileTests.h; sourceTree = "<group>"; };
		C7F2D71D15178A1800937AE2 /* SheerIDMobileTests.m */ = {isa = PBXFileReference; lastKnownFileType = sourcecode.c.objc; path = SheerIDMobileTests.m; sourceTree = "<group>"; };
		C7F2D72915178A4D00937AE2 /* Organization.m */ = {isa = PBXFileReference; fileEncoding = 4; lastKnownFileType = sourcecode.c.objc; name = Organization.m; path = Model/Organization.m; sourceTree = "<group>"; };
		C7F2D72D15178A6000937AE2 /* Field.m */ = {isa = PBXFileReference; fileEncoding = 4; lastKnownFileType = sourcecode.c.objc; name = Field.m; path = Model/Field.m; sourceTree = "<group>"; };
		C7F2D73115178A7100937AE2 /* Person.m */ = {isa = PBXFileReference; fileEncoding = 4; lastKnownFileType = sourcecode.c.objc; name = Person.m; path = Model/Person.m; sourceTree = "<group>"; };
		C7F2D73515178A8500937AE2 /* AffiliationType.m */ = {isa = PBXFileReference; fileEncoding = 4; lastKnownFileType = sourcecode.c.objc; name = AffiliationType.m; path = Model/AffiliationType.m; sourceTree = "<group>"; };
		C7F2D73D1517959100937AE2 /* ServiceConstant.m */ = {isa = PBXFileReference; fileEncoding = 4; lastKnownFileType = sourcecode.c.objc; name = ServiceConstant.m; path = Model/ServiceConstant.m; sourceTree = "<group>"; };
		C7F2D7401517A80C00937AE2 /* JSONKit.h */ = {isa = PBXFileReference; fileEncoding = 4; lastKnownFileType = sourcecode.c.h; name = JSONKit.h; path = JSONKit/JSONKit.h; sourceTree = "<group>"; };
		C7F2D7411517A80C00937AE2 /* JSONKit.m */ = {isa = PBXFileReference; fileEncoding = 4; lastKnownFileType = sourcecode.c.objc; name = JSONKit.m; path = JSONKit/JSONKit.m; sourceTree = "<group>"; };
		C7F2D74D1517ABE700937AE2 /* SheerIDMobileIntegrationTests.h */ = {isa = PBXFileReference; fileEncoding = 4; lastKnownFileType = sourcecode.c.h; path = SheerIDMobileIntegrationTests.h; sourceTree = "<group>"; };
		C7F2D74E1517ABE800937AE2 /* SheerIDMobileIntegrationTests.m */ = {isa = PBXFileReference; fileEncoding = 4; lastKnownFileType = sourcecode.c.objc; path = SheerIDMobileIntegrationTests.m; sourceTree = "<group>"; };
/* End PBXFileReference section */

/* Begin PBXFrameworksBuildPhase section */
		C7F2D6FA15178A1800937AE2 /* Frameworks */ = {
			isa = PBXFrameworksBuildPhase;
			buildActionMask = 2147483647;
			files = (
				C7F2D70115178A1800937AE2 /* Foundation.framework in Frameworks */,
			);
			runOnlyForDeploymentPostprocessing = 0;
		};
		C7F2D70915178A1800937AE2 /* Frameworks */ = {
			isa = PBXFrameworksBuildPhase;
			buildActionMask = 2147483647;
			files = (
				C7F2D70F15178A1800937AE2 /* SenTestingKit.framework in Frameworks */,
				C7F2D71215178A1800937AE2 /* Foundation.framework in Frameworks */,
				C7F2D71515178A1800937AE2 /* libSheerIDMobile.a in Frameworks */,
			);
			runOnlyForDeploymentPostprocessing = 0;
		};
/* End PBXFrameworksBuildPhase section */

/* Begin PBXGroup section */
		C7F2D6F215178A1800937AE2 = {
			isa = PBXGroup;
			children = (
				C7F2D7471517A84500937AE2 /* JSONKit */,
				C7F2D70215178A1800937AE2 /* SheerIDMobile */,
				C7F2D71615178A1800937AE2 /* SheerIDMobileTests */,
				C7F2D6FF15178A1800937AE2 /* Frameworks */,
				C7F2D6FE15178A1800937AE2 /* Products */,
			);
			sourceTree = "<group>";
		};
		C7F2D6FE15178A1800937AE2 /* Products */ = {
			isa = PBXGroup;
			children = (
				C7F2D6FD15178A1800937AE2 /* libSheerIDMobile.a */,
				C7F2D70D15178A1800937AE2 /* SheerIDMobileTests.octest */,
			);
			name = Products;
			sourceTree = "<group>";
		};
		C7F2D6FF15178A1800937AE2 /* Frameworks */ = {
			isa = PBXGroup;
			children = (
				C7F2D70015178A1800937AE2 /* Foundation.framework */,
				C7F2D70E15178A1800937AE2 /* SenTestingKit.framework */,
			);
			name = Frameworks;
			sourceTree = "<group>";
		};
		C7F2D70215178A1800937AE2 /* SheerIDMobile */ = {
			isa = PBXGroup;
			children = (
				C7F2D72715178A2600937AE2 /* Model */,
				C7F2D70515178A1800937AE2 /* SheerIDMobile.h */,
				C77525FC1517BC09007882E3 /* SheerIDMobile+Private.h */,
				C7F2D70615178A1800937AE2 /* SheerIDMobile.m */,
				C7F2D70315178A1800937AE2 /* Supporting Files */,
			);
			path = SheerIDMobile;
			sourceTree = "<group>";
		};
		C7F2D70315178A1800937AE2 /* Supporting Files */ = {
			isa = PBXGroup;
			children = (
				C7F2D70415178A1800937AE2 /* SheerIDMobile-Prefix.pch */,
			);
			name = "Supporting Files";
			sourceTree = "<group>";
		};
		C7F2D71615178A1800937AE2 /* SheerIDMobileTests */ = {
			isa = PBXGroup;
			children = (
				C7F2D71C15178A1800937AE2 /* SheerIDMobileTests.h */,
				C7F2D71D15178A1800937AE2 /* SheerIDMobileTests.m */,
				C7F2D74D1517ABE700937AE2 /* SheerIDMobileIntegrationTests.h */,
				C7F2D74E1517ABE800937AE2 /* SheerIDMobileIntegrationTests.m */,
				C7F2D71715178A1800937AE2 /* Supporting Files */,
			);
			path = SheerIDMobileTests;
			sourceTree = "<group>";
		};
		C7F2D71715178A1800937AE2 /* Supporting Files */ = {
			isa = PBXGroup;
			children = (
				C7F2D71815178A1800937AE2 /* SheerIDMobileTests-Info.plist */,
				C7F2D71915178A1800937AE2 /* InfoPlist.strings */,
			);
			name = "Supporting Files";
			sourceTree = "<group>";
		};
		C7F2D72715178A2600937AE2 /* Model */ = {
			isa = PBXGroup;
			children = (
				C7F2D73515178A8500937AE2 /* AffiliationType.m */,
				C7F2D72D15178A6000937AE2 /* Field.m */,
				C7F2D72915178A4D00937AE2 /* Organization.m */,
				C77526061517BEEA007882E3 /* OrganizationSearch.m */,
				C7F2D73115178A7100937AE2 /* Person.m */,
				C7F2D73D1517959100937AE2 /* ServiceConstant.m */,
				C77525EE1517B346007882E3 /* VerificationResponse.m */,
			);
			name = Model;
			sourceTree = "<group>";
		};
		C7F2D7471517A84500937AE2 /* JSONKit */ = {
			isa = PBXGroup;
			children = (
				C7F2D7401517A80C00937AE2 /* JSONKit.h */,
				C7F2D7411517A80C00937AE2 /* JSONKit.m */,
			);
			name = JSONKit;
			sourceTree = "<group>";
		};
/* End PBXGroup section */

/* Begin PBXHeadersBuildPhase section */
		C7F2D6FB15178A1800937AE2 /* Headers */ = {
			isa = PBXHeadersBuildPhase;
			buildActionMask = 2147483647;
			files = (
				C7F2D7421517A80C00937AE2 /* JSONKit.h in Headers */,
				C7F2D74F1517ABE800937AE2 /* SheerIDMobileIntegrationTests.h in Headers */,
				C77525FE1517BC09007882E3 /* SheerIDMobile+Private.h in Headers */,
			);
			runOnlyForDeploymentPostprocessing = 0;
		};
/* End PBXHeadersBuildPhase section */

/* Begin PBXNativeTarget section */
		C7F2D6FC15178A1800937AE2 /* SheerIDMobile */ = {
			isa = PBXNativeTarget;
			buildConfigurationList = C7F2D72115178A1800937AE2 /* Build configuration list for PBXNativeTarget "SheerIDMobile" */;
			buildPhases = (
				C7F2D6F915178A1800937AE2 /* Sources */,
				C7F2D6FA15178A1800937AE2 /* Frameworks */,
				C7F2D6FB15178A1800937AE2 /* Headers */,
				C74FA75015191B2B00851361 /* ShellScript */,
			);
			buildRules = (
			);
			dependencies = (
			);
			name = SheerIDMobile;
			productName = SheerIDMobile;
			productReference = C7F2D6FD15178A1800937AE2 /* libSheerIDMobile.a */;
			productType = "com.apple.product-type.library.static";
		};
		C7F2D70C15178A1800937AE2 /* SheerIDMobileTests */ = {
			isa = PBXNativeTarget;
			buildConfigurationList = C7F2D72415178A1800937AE2 /* Build configuration list for PBXNativeTarget "SheerIDMobileTests" */;
			buildPhases = (
				C7F2D70815178A1800937AE2 /* Sources */,
				C7F2D70915178A1800937AE2 /* Frameworks */,
				C7F2D70A15178A1800937AE2 /* Resources */,
				C7F2D70B15178A1800937AE2 /* ShellScript */,
			);
			buildRules = (
			);
			dependencies = (
				C7F2D71415178A1800937AE2 /* PBXTargetDependency */,
			);
			name = SheerIDMobileTests;
			productName = SheerIDMobileTests;
			productReference = C7F2D70D15178A1800937AE2 /* SheerIDMobileTests.octest */;
			productType = "com.apple.product-type.bundle";
		};
/* End PBXNativeTarget section */

/* Begin PBXProject section */
		C7F2D6F415178A1800937AE2 /* Project object */ = {
			isa = PBXProject;
			attributes = {
				LastUpgradeCheck = 0420;
				ORGANIZATIONNAME = "SheerID, Inc.";
			};
			buildConfigurationList = C7F2D6F715178A1800937AE2 /* Build configuration list for PBXProject "SheerIDMobile" */;
			compatibilityVersion = "Xcode 3.2";
			developmentRegion = English;
			hasScannedForEncodings = 0;
			knownRegions = (
				en,
			);
			mainGroup = C7F2D6F215178A1800937AE2;
			productRefGroup = C7F2D6FE15178A1800937AE2 /* Products */;
			projectDirPath = "";
			projectRoot = "";
			targets = (
				C7F2D6FC15178A1800937AE2 /* SheerIDMobile */,
				C7F2D70C15178A1800937AE2 /* SheerIDMobileTests */,
			);
		};
/* End PBXProject section */

/* Begin PBXResourcesBuildPhase section */
		C7F2D70A15178A1800937AE2 /* Resources */ = {
			isa = PBXResourcesBuildPhase;
			buildActionMask = 2147483647;
			files = (
				C7F2D71B15178A1800937AE2 /* InfoPlist.strings in Resources */,
			);
			runOnlyForDeploymentPostprocessing = 0;
		};
/* End PBXResourcesBuildPhase section */

/* Begin PBXShellScriptBuildPhase section */
		C74FA75015191B2B00851361 /* ShellScript */ = {
			isa = PBXShellScriptBuildPhase;
			buildActionMask = 2147483647;
			files = (
			);
			inputPaths = (
			);
			outputPaths = (
			);
			runOnlyForDeploymentPostprocessing = 0;
			shellPath = /bin/sh;
			shellScript = "# Version 2.0 (updated for Xcode 4, with some fixes)\n# Changes:\n#    - Works with xcode 4, even when running xcode 3 projects (Workarounds for apple bugs)\n#    - Faster / better: only runs lipo once, instead of once per recursion\n#    - Added some debugging statemetns that can be switched on/off by changing the DEBUG_THIS_SCRIPT variable to \"true\"\n#    - Fixed some typos\n# \n# Purpose:\n#   Create a static library for iPhone from within XCode\n#   Because Apple staff DELIBERATELY broke Xcode to make this impossible from the GUI (Xcode 3.2.3 specifically states this in the Release notes!)\n#   ...no, I don't understand why they did this!\n#\n# Author: Adam Martin - http://twitter.com/redglassesapps\n# Based on: original script from Eonil (main changes: Eonil's script WILL NOT WORK in Xcode GUI - it WILL CRASH YOUR COMPUTER)\n#\n# More info: see this Stack Overflow question: http://stackoverflow.com/questions/3520977/build-fat-static-library-device-simulator-using-xcode-and-sdk-4\n\n#################[ Tests: helps workaround any future bugs in Xcode ]########\n#\nDEBUG_THIS_SCRIPT=\"false\"\n\nif [ $DEBUG_THIS_SCRIPT = \"true\" ]\nthen\necho \"########### TESTS #############\"\necho \"Use the following variables when debugging this script; note that they may change on recursions\"\necho \"BUILD_DIR = $BUILD_DIR\"\necho \"BUILD_ROOT = $BUILD_ROOT\"\necho \"CONFIGURATION_BUILD_DIR = $CONFIGURATION_BUILD_DIR\"\necho \"BUILT_PRODUCTS_DIR = $BUILT_PRODUCTS_DIR\"\necho \"CONFIGURATION_TEMP_DIR = $CONFIGURATION_TEMP_DIR\"\necho \"TARGET_BUILD_DIR = $TARGET_BUILD_DIR\"\nfi\n\n#####################[ part 1 ]##################\n# First, work out the BASESDK version number (NB: Apple ought to report this, but they hide it)\n#    (incidental: searching for substrings in sh is a nightmare! Sob)\n\nSDK_VERSION=$(echo ${SDK_NAME} | grep -o '.\\{3\\}$')\n\n# Next, work out if we're in SIM or DEVICE\n\nif [ ${PLATFORM_NAME} = \"iphonesimulator\" ]\nthen\nOTHER_SDK_TO_BUILD=iphoneos${SDK_VERSION}\nelse\nOTHER_SDK_TO_BUILD=iphonesimulator${SDK_VERSION}\nfi\n\necho \"XCode has selected SDK: ${PLATFORM_NAME} with version: ${SDK_VERSION} (although back-targetting: ${IPHONEOS_DEPLOYMENT_TARGET})\"\necho \"...therefore, OTHER_SDK_TO_BUILD = ${OTHER_SDK_TO_BUILD}\"\n#\n#####################[ end of part 1 ]##################\n\n#####################[ part 2 ]##################\n#\n# IF this is the original invocation, invoke WHATEVER other builds are required\n#\n# Xcode is already building ONE target...\n#\n# ...but this is a LIBRARY, so Apple is wrong to set it to build just one.\n# ...we need to build ALL targets\n# ...we MUST NOT re-build the target that is ALREADY being built: Xcode WILL CRASH YOUR COMPUTER if you try this (infinite recursion!)\n#\n#\n# So: build ONLY the missing platforms/configurations.\n\nif [ \"true\" == ${ALREADYINVOKED:-false} ]\nthen\necho \"RECURSION: I am NOT the root invocation, so I'm NOT going to recurse\"\nelse\n# CRITICAL:\n# Prevent infinite recursion (Xcode sucks)\nexport ALREADYINVOKED=\"true\"\n\necho \"RECURSION: I am the root ... recursing all missing build targets NOW...\"\necho \"RECURSION: ...about to invoke: xcodebuild -configuration \\\"${CONFIGURATION}\\\" -target \\\"${TARGET_NAME}\\\" -sdk \\\"${OTHER_SDK_TO_BUILD}\\\" ${ACTION} RUN_CLANG_STATIC_ANALYZER=NO\"\nxcodebuild -configuration \"${CONFIGURATION}\" -target \"${TARGET_NAME}\" -sdk \"${OTHER_SDK_TO_BUILD}\" ${ACTION} RUN_CLANG_STATIC_ANALYZER=NO BUILD_DIR=\"${BUILD_DIR}\" BUILD_ROOT=\"${BUILD_ROOT}\"\n\nACTION=\"build\"\n\n#Merge all platform binaries as a fat binary for each configurations.\n\n# Calculate where the (multiple) built files are coming from:\nCURRENTCONFIG_DEVICE_DIR=${SYMROOT}/${CONFIGURATION}-iphoneos\nCURRENTCONFIG_SIMULATOR_DIR=${SYMROOT}/${CONFIGURATION}-iphonesimulator\n\necho \"Taking device build from: ${CURRENTCONFIG_DEVICE_DIR}\"\necho \"Taking simulator build from: ${CURRENTCONFIG_SIMULATOR_DIR}\"\n\nCREATING_UNIVERSAL_DIR=${SYMROOT}/${CONFIGURATION}-universal\necho \"...I will output a universal build to: ${CREATING_UNIVERSAL_DIR}\"\n\n# ... remove the products of previous runs of this script\n#      NB: this directory is ONLY created by this script - it should be safe to delete!\n\nrm -rf \"${CREATING_UNIVERSAL_DIR}\"\nmkdir \"${CREATING_UNIVERSAL_DIR}\"\n\n#\necho \"lipo: for current configuration (${CONFIGURATION}) creating output file: ${CREATING_UNIVERSAL_DIR}/${EXECUTABLE_NAME}\"\nlipo -create -output \"${CREATING_UNIVERSAL_DIR}/${EXECUTABLE_NAME}\" \"${CURRENTCONFIG_DEVICE_DIR}/${EXECUTABLE_NAME}\" \"${CURRENTCONFIG_SIMULATOR_DIR}/${EXECUTABLE_NAME}\"\n\n#########\n#\n# Added: StackOverflow suggestion to also copy \"include\" files\n#    (untested, but should work OK)\n#\nif [ -d \"${CURRENTCONFIG_DEVICE_DIR}/usr/local/include\" ]\nthen\nmkdir -p \"${CREATING_UNIVERSAL_DIR}/usr/local/include\"\n# * needs to be outside the double quotes?\ncp \"${CURRENTCONFIG_DEVICE_DIR}/usr/local/include/\"* \"${CREATING_UNIVERSAL_DIR}/usr/local/include\"\nfi\nfi";
		};
		C7F2D70B15178A1800937AE2 /* ShellScript */ = {
			isa = PBXShellScriptBuildPhase;
			buildActionMask = 2147483647;
			files = (
			);
			inputPaths = (
			);
			outputPaths = (
			);
			runOnlyForDeploymentPostprocessing = 0;
			shellPath = /bin/sh;
			shellScript = "# Run the unit tests in this test bundle.\n\"${SYSTEM_DEVELOPER_DIR}/Tools/RunUnitTests\"\n";
		};
/* End PBXShellScriptBuildPhase section */

/* Begin PBXSourcesBuildPhase section */
		C7F2D6F915178A1800937AE2 /* Sources */ = {
			isa = PBXSourcesBuildPhase;
			buildActionMask = 2147483647;
			files = (
				C7F2D70715178A1800937AE2 /* SheerIDMobile.m in Sources */,
				C7F2D72B15178A4D00937AE2 /* Organization.m in Sources */,
				C7F2D72F15178A6000937AE2 /* Field.m in Sources */,
				C7F2D73315178A7100937AE2 /* Person.m in Sources */,
				C7F2D73715178A8500937AE2 /* AffiliationType.m in Sources */,
				C7F2D73F1517959100937AE2 /* ServiceConstant.m in Sources */,
				C7F2D7431517A80C00937AE2 /* JSONKit.m in Sources */,
				C77525F01517B346007882E3 /* VerificationResponse.m in Sources */,
				C77526081517BEEA007882E3 /* OrganizationSearch.m in Sources */,
			);
			runOnlyForDeploymentPostprocessing = 0;
		};
		C7F2D70815178A1800937AE2 /* Sources */ = {
			isa = PBXSourcesBuildPhase;
			buildActionMask = 2147483647;
			files = (
				C7F2D7511517AC6200937AE2 /* SheerIDMobileIntegrationTests.m in Sources */,
				C7F2D71E15178A1800937AE2 /* SheerIDMobileTests.m in Sources */,
			);
			runOnlyForDeploymentPostprocessing = 0;
		};
/* End PBXSourcesBuildPhase section */

/* Begin PBXTargetDependency section */
		C7F2D71415178A1800937AE2 /* PBXTargetDependency */ = {
			isa = PBXTargetDependency;
			target = C7F2D6FC15178A1800937AE2 /* SheerIDMobile */;
			targetProxy = C7F2D71315178A1800937AE2 /* PBXContainerItemProxy */;
		};
/* End PBXTargetDependency section */

/* Begin PBXVariantGroup section */
		C7F2D71915178A1800937AE2 /* InfoPlist.strings */ = {
			isa = PBXVariantGroup;
			children = (
				C7F2D71A15178A1800937AE2 /* en */,
			);
			name = InfoPlist.strings;
			sourceTree = "<group>";
		};
/* End PBXVariantGroup section */

/* Begin XCBuildConfiguration section */
		C7F2D71F15178A1800937AE2 /* Debug */ = {
			isa = XCBuildConfiguration;
			buildSettings = {
				ALWAYS_SEARCH_USER_PATHS = NO;
				ARCHS = "$(ARCHS_STANDARD_32_BIT)";
				CLANG_ENABLE_OBJC_ARC = NO;
				COPY_PHASE_STRIP = NO;
				GCC_C_LANGUAGE_STANDARD = gnu99;
				GCC_DYNAMIC_NO_PIC = NO;
				GCC_OPTIMIZATION_LEVEL = 0;
				GCC_PREPROCESSOR_DEFINITIONS = (
					"DEBUG=1",
					"$(inherited)",
				);
				GCC_SYMBOLS_PRIVATE_EXTERN = NO;
				GCC_VERSION = com.apple.compilers.llvm.clang.1_0;
				GCC_WARN_ABOUT_MISSING_PROTOTYPES = YES;
				GCC_WARN_ABOUT_RETURN_TYPE = YES;
				GCC_WARN_UNUSED_VARIABLE = YES;
				IPHONEOS_DEPLOYMENT_TARGET = 5.0;
				SDKROOT = iphoneos;
			};
			name = Debug;
		};
		C7F2D72015178A1800937AE2 /* Release */ = {
			isa = XCBuildConfiguration;
			buildSettings = {
				ALWAYS_SEARCH_USER_PATHS = NO;
				ARCHS = "$(ARCHS_STANDARD_32_BIT)";
				CLANG_ENABLE_OBJC_ARC = NO;
				COPY_PHASE_STRIP = YES;
				GCC_C_LANGUAGE_STANDARD = gnu99;
				GCC_VERSION = com.apple.compilers.llvm.clang.1_0;
				GCC_WARN_ABOUT_MISSING_PROTOTYPES = YES;
				GCC_WARN_ABOUT_RETURN_TYPE = YES;
				GCC_WARN_UNUSED_VARIABLE = YES;
				IPHONEOS_DEPLOYMENT_TARGET = 5.0;
				SDKROOT = iphoneos;
				VALIDATE_PRODUCT = YES;
			};
			name = Release;
		};
		C7F2D72215178A1800937AE2 /* Debug */ = {
			isa = XCBuildConfiguration;
			buildSettings = {
				DSTROOT = /tmp/SheerIDMobile.dst;
				GCC_PRECOMPILE_PREFIX_HEADER = YES;
				GCC_PREFIX_HEADER = "SheerIDMobile/SheerIDMobile-Prefix.pch";
				OTHER_LDFLAGS = "-ObjC";
				PRODUCT_NAME = "$(TARGET_NAME)";
				SKIP_INSTALL = YES;
			};
			name = Debug;
		};
		C7F2D72315178A1800937AE2 /* Release */ = {
			isa = XCBuildConfiguration;
			buildSettings = {
				DSTROOT = /tmp/SheerIDMobile.dst;
				GCC_PRECOMPILE_PREFIX_HEADER = YES;
				GCC_PREFIX_HEADER = "SheerIDMobile/SheerIDMobile-Prefix.pch";
				OTHER_LDFLAGS = "-ObjC";
				PRODUCT_NAME = "$(TARGET_NAME)";
				SKIP_INSTALL = YES;
			};
			name = Release;
		};
		C7F2D72515178A1800937AE2 /* Debug */ = {
			isa = XCBuildConfiguration;
			buildSettings = {
				FRAMEWORK_SEARCH_PATHS = (
					"$(SDKROOT)/Developer/Library/Frameworks",
					"$(DEVELOPER_LIBRARY_DIR)/Frameworks",
				);
				GCC_PRECOMPILE_PREFIX_HEADER = YES;
				GCC_PREFIX_HEADER = "SheerIDMobile/SheerIDMobile-Prefix.pch";
				INFOPLIST_FILE = "SheerIDMobileTests/SheerIDMobileTests-Info.plist";
				PRODUCT_NAME = "$(TARGET_NAME)";
				WRAPPER_EXTENSION = octest;
			};
			name = Debug;
		};
		C7F2D72615178A1800937AE2 /* Release */ = {
			isa = XCBuildConfiguration;
			buildSettings = {
				FRAMEWORK_SEARCH_PATHS = (
					"$(SDKROOT)/Developer/Library/Frameworks",
					"$(DEVELOPER_LIBRARY_DIR)/Frameworks",
				);
				GCC_PRECOMPILE_PREFIX_HEADER = YES;
				GCC_PREFIX_HEADER = "SheerIDMobile/SheerIDMobile-Prefix.pch";
				INFOPLIST_FILE = "SheerIDMobileTests/SheerIDMobileTests-Info.plist";
				PRODUCT_NAME = "$(TARGET_NAME)";
				WRAPPER_EXTENSION = octest;
			};
			name = Release;
		};
/* End XCBuildConfiguration section */

/* Begin XCConfigurationList section */
		C7F2D6F715178A1800937AE2 /* Build configuration list for PBXProject "SheerIDMobile" */ = {
			isa = XCConfigurationList;
			buildConfigurations = (
				C7F2D71F15178A1800937AE2 /* Debug */,
				C7F2D72015178A1800937AE2 /* Release */,
			);
			defaultConfigurationIsVisible = 0;
			defaultConfigurationName = Release;
		};
		C7F2D72115178A1800937AE2 /* Build configuration list for PBXNativeTarget "SheerIDMobile" */ = {
			isa = XCConfigurationList;
			buildConfigurations = (
				C7F2D72215178A1800937AE2 /* Debug */,
				C7F2D72315178A1800937AE2 /* Release */,
			);
			defaultConfigurationIsVisible = 0;
			defaultConfigurationName = Release;
		};
		C7F2D72415178A1800937AE2 /* Build configuration list for PBXNativeTarget "SheerIDMobileTests" */ = {
			isa = XCConfigurationList;
			buildConfigurations = (
				C7F2D72515178A1800937AE2 /* Debug */,
				C7F2D72615178A1800937AE2 /* Release */,
			);
			defaultConfigurationIsVisible = 0;
			defaultConfigurationName = Release;
		};
/* End XCConfigurationList section */
	};
	rootObject = C7F2D6F415178A1800937AE2 /* Project object */;
}
